
Microsoft Visual Studio Solution File, Format Version 12.00
# Visual Studio Version 16
VisualStudioVersion = 16.0.31729.503
MinimumVisualStudioVersion = 10.0.40219.1
Project("{9A19103F-16F7-4668-BE54-9A1E7A4F7556}") = "WeatherAPIStuff", "WeatherAPIStuff\WeatherAPIStuff.csproj", "{0A148F87-837D-4CC4-839E-763B10D88229}"
EndProject
Project("{FAE04EC0-301F-11D3-BF4B-00C04F79EFBC}") = "WeatherApiStuffTests", "WeatherApiStuffTests\WeatherApiStuffTests.csproj", "{7EE319DF-9015-42B8-9BBA-F45BD0A5336E}"
EndProject
Global
	GlobalSection(SolutionConfigurationPlatforms) = preSolution
		Debug|Any CPU = Debug|Any CPU
		Release|Any CPU = Release|Any CPU
	EndGlobalSection
	GlobalSection(ProjectConfigurationPlatforms) = postSolution
		{0A148F87-837D-4CC4-839E-763B10D88229}.Debug|Any CPU.ActiveCfg = Debug|Any CPU
		{0A148F87-837D-4CC4-839E-763B10D88229}.Debug|Any CPU.Build.0 = Debug|Any CPU
		{0A148F87-837D-4CC4-839E-763B10D88229}.Release|Any CPU.ActiveCfg = Release|Any CPU
		{0A148F87-837D-4CC4-839E-763B10D88229}.Release|Any CPU.Build.0 = Release|Any CPU
		{7EE319DF-9015-42B8-9BBA-F45BD0A5336E}.Debug|Any CPU.ActiveCfg = Debug|Any CPU
		{7EE319DF-9015-42B8-9BBA-F45BD0A5336E}.Debug|Any CPU.Build.0 = Debug|Any CPU
		{7EE319DF-9015-42B8-9BBA-F45BD0A5336E}.Release|Any CPU.ActiveCfg = Release|Any CPU
		{7EE319DF-9015-42B8-9BBA-F45BD0A5336E}.Release|Any CPU.Build.0 = Release|Any CPU
	EndGlobalSection
	GlobalSection(SolutionProperties) = preSolution
		HideSolutionNode = FALSE
	EndGlobalSection
	GlobalSection(ExtensibilityGlobals) = postSolution
		SolutionGuid = {0948F6D0-5503-4625-A7ED-11C6C91A0088}
	EndGlobalSection
EndGlobal
